// !$*UTF8*$!
{
	archiveVersion = 1;
	classes = {
	};
	objectVersion = 46;
	objects = {

/* Begin PBXAggregateTarget section */
		F155DA7115D54AF90075DE7B /* ZendeskDropbox.framework */ = {
			isa = PBXAggregateTarget;
			buildConfigurationList = F155DA7215D54AF90075DE7B /* Build configuration list for PBXAggregateTarget "ZendeskDropbox.framework" */;
			buildPhases = (
				4520894718CFD530007CA6E7 /* CopyFiles */,
				F155DA7515D54B1C0075DE7B /* ShellScript */,
			);
			dependencies = (
			);
			name = ZendeskDropbox.framework;
			productName = libZendeskDropbox;
		};
/* End PBXAggregateTarget section */

/* Begin PBXBuildFile section */
		4520894818CFD53B007CA6E7 /* LICENSE in CopyFiles */ = {isa = PBXBuildFile; fileRef = 4520894518CFD3F2007CA6E7 /* LICENSE */; };
		4520894918CFD53E007CA6E7 /* README.md in CopyFiles */ = {isa = PBXBuildFile; fileRef = 4520893D18CFCE63007CA6E7 /* README.md */; };
		F110299515D8FBF5004CE5C4 /* QuartzCore.framework in Frameworks */ = {isa = PBXBuildFile; fileRef = F110299415D8FBF5004CE5C4 /* QuartzCore.framework */; };
		F18A657F15D55C5D00CE8AEE /* UIKit.framework in Frameworks */ = {isa = PBXBuildFile; fileRef = 1DF5F4DF0D08C38300B7A737 /* UIKit.framework */; };
		F18A658015D55C5D00CE8AEE /* Foundation.framework in Frameworks */ = {isa = PBXBuildFile; fileRef = 1D30AB110D05D00D00671497 /* Foundation.framework */; };
		F18A658115D55C5D00CE8AEE /* CoreGraphics.framework in Frameworks */ = {isa = PBXBuildFile; fileRef = 288765A40DF7441C002DB57D /* CoreGraphics.framework */; };
		F18A65AC15D562FA00CE8AEE /* AppDelegate.h in Headers */ = {isa = PBXBuildFile; fileRef = F18A65A715D562FA00CE8AEE /* AppDelegate.h */; };
		F18A65B015D562FA00CE8AEE /* FormViewController.h in Headers */ = {isa = PBXBuildFile; fileRef = F18A65A915D562FA00CE8AEE /* FormViewController.h */; };
		F18A65B415D5630500CE8AEE /* AppDelegate.m in Sources */ = {isa = PBXBuildFile; fileRef = F18A65A815D562FA00CE8AEE /* AppDelegate.m */; };
		F18A65B515D5630800CE8AEE /* FormViewController.m in Sources */ = {isa = PBXBuildFile; fileRef = F18A65AA15D562FA00CE8AEE /* FormViewController.m */; };
		F18A65B915D5632A00CE8AEE /* main.m in Sources */ = {isa = PBXBuildFile; fileRef = F18A65A115D562F200CE8AEE /* main.m */; };
		F18A65BA15D5632E00CE8AEE /* MainWindow.xib in Resources */ = {isa = PBXBuildFile; fileRef = F18A65A215D562F200CE8AEE /* MainWindow.xib */; };
		F18A65C915D5635900CE8AEE /* JSON.h in Headers */ = {isa = PBXBuildFile; fileRef = F18A65BC15D5635900CE8AEE /* JSON.h */; };
		F18A65CB15D5635900CE8AEE /* NSObject+SBJSON.h in Headers */ = {isa = PBXBuildFile; fileRef = F18A65BD15D5635900CE8AEE /* NSObject+SBJSON.h */; };
		F18A65CD15D5635900CE8AEE /* NSObject+SBJSON.m in Sources */ = {isa = PBXBuildFile; fileRef = F18A65BE15D5635900CE8AEE /* NSObject+SBJSON.m */; };
		F18A65CF15D5635900CE8AEE /* NSString+SBJSON.h in Headers */ = {isa = PBXBuildFile; fileRef = F18A65BF15D5635900CE8AEE /* NSString+SBJSON.h */; };
		F18A65D115D5635900CE8AEE /* NSString+SBJSON.m in Sources */ = {isa = PBXBuildFile; fileRef = F18A65C015D5635900CE8AEE /* NSString+SBJSON.m */; };
		F18A65D315D5635900CE8AEE /* SBJSON.h in Headers */ = {isa = PBXBuildFile; fileRef = F18A65C115D5635900CE8AEE /* SBJSON.h */; };
		F18A65D515D5635900CE8AEE /* SBJSON.m in Sources */ = {isa = PBXBuildFile; fileRef = F18A65C215D5635900CE8AEE /* SBJSON.m */; };
		F18A65D715D5635900CE8AEE /* SBJsonBase.h in Headers */ = {isa = PBXBuildFile; fileRef = F18A65C315D5635900CE8AEE /* SBJsonBase.h */; };
		F18A65D915D5635900CE8AEE /* SBJsonBase.m in Sources */ = {isa = PBXBuildFile; fileRef = F18A65C415D5635900CE8AEE /* SBJsonBase.m */; };
		F18A65DB15D5635900CE8AEE /* SBJsonParser.h in Headers */ = {isa = PBXBuildFile; fileRef = F18A65C515D5635900CE8AEE /* SBJsonParser.h */; };
		F18A65DD15D5635900CE8AEE /* SBJsonParser.m in Sources */ = {isa = PBXBuildFile; fileRef = F18A65C615D5635900CE8AEE /* SBJsonParser.m */; };
		F18A65DF15D5635900CE8AEE /* SBJsonWriter.h in Headers */ = {isa = PBXBuildFile; fileRef = F18A65C715D5635900CE8AEE /* SBJsonWriter.h */; };
		F18A65E115D5635900CE8AEE /* SBJsonWriter.m in Sources */ = {isa = PBXBuildFile; fileRef = F18A65C815D5635900CE8AEE /* SBJsonWriter.m */; };
		F18A65E515D5636400CE8AEE /* ZendeskDropbox.h in Headers */ = {isa = PBXBuildFile; fileRef = F18A65E315D5636400CE8AEE /* ZendeskDropbox.h */; settings = {ATTRIBUTES = (Public, ); }; };
		F18A65E715D5636400CE8AEE /* ZendeskDropbox.m in Sources */ = {isa = PBXBuildFile; fileRef = F18A65E415D5636400CE8AEE /* ZendeskDropbox.m */; };
		F18A65E815D5636400CE8AEE /* ZendeskDropbox.m in Sources */ = {isa = PBXBuildFile; fileRef = F18A65E415D5636400CE8AEE /* ZendeskDropbox.m */; };
		F18A65EA15D5636D00CE8AEE /* NSObject+SBJSON.m in Sources */ = {isa = PBXBuildFile; fileRef = F18A65BE15D5635900CE8AEE /* NSObject+SBJSON.m */; };
		F18A65EB15D5637000CE8AEE /* NSString+SBJSON.m in Sources */ = {isa = PBXBuildFile; fileRef = F18A65C015D5635900CE8AEE /* NSString+SBJSON.m */; };
		F18A65EC15D5637300CE8AEE /* SBJSON.m in Sources */ = {isa = PBXBuildFile; fileRef = F18A65C215D5635900CE8AEE /* SBJSON.m */; };
		F18A65ED15D5637600CE8AEE /* SBJsonBase.m in Sources */ = {isa = PBXBuildFile; fileRef = F18A65C415D5635900CE8AEE /* SBJsonBase.m */; };
		F18A65EE15D5637800CE8AEE /* SBJsonParser.m in Sources */ = {isa = PBXBuildFile; fileRef = F18A65C615D5635900CE8AEE /* SBJsonParser.m */; };
		F18A65EF15D5637B00CE8AEE /* SBJsonWriter.m in Sources */ = {isa = PBXBuildFile; fileRef = F18A65C815D5635900CE8AEE /* SBJsonWriter.m */; };
/* End PBXBuildFile section */

/* Begin PBXCopyFilesBuildPhase section */
		4520894718CFD530007CA6E7 /* CopyFiles */ = {
			isa = PBXCopyFilesBuildPhase;
			buildActionMask = 2147483647;
			dstPath = "";
			dstSubfolderSpec = 0;
			files = (
				4520894918CFD53E007CA6E7 /* README.md in CopyFiles */,
				4520894818CFD53B007CA6E7 /* LICENSE in CopyFiles */,
			);
			runOnlyForDeploymentPostprocessing = 0;
		};
/* End PBXCopyFilesBuildPhase section */

/* Begin PBXFileReference section */
		1D30AB110D05D00D00671497 /* Foundation.framework */ = {isa = PBXFileReference; lastKnownFileType = wrapper.framework; name = Foundation.framework; path = System/Library/Frameworks/Foundation.framework; sourceTree = SDKROOT; };
		1DF5F4DF0D08C38300B7A737 /* UIKit.framework */ = {isa = PBXFileReference; lastKnownFileType = wrapper.framework; name = UIKit.framework; path = System/Library/Frameworks/UIKit.framework; sourceTree = SDKROOT; };
		288765A40DF7441C002DB57D /* CoreGraphics.framework */ = {isa = PBXFileReference; lastKnownFileType = wrapper.framework; name = CoreGraphics.framework; path = System/Library/Frameworks/CoreGraphics.framework; sourceTree = SDKROOT; };
		4520893D18CFCE63007CA6E7 /* README.md */ = {isa = PBXFileReference; lastKnownFileType = text; path = README.md; sourceTree = "<group>"; };
		4520894518CFD3F2007CA6E7 /* LICENSE */ = {isa = PBXFileReference; lastKnownFileType = text; path = LICENSE; sourceTree = "<group>"; };
		F110299415D8FBF5004CE5C4 /* QuartzCore.framework */ = {isa = PBXFileReference; lastKnownFileType = wrapper.framework; name = QuartzCore.framework; path = System/Library/Frameworks/QuartzCore.framework; sourceTree = SDKROOT; };
		F155DA3415D53CBB0075DE7B /* libZendeskDropbox.a */ = {isa = PBXFileReference; explicitFileType = archive.ar; includeInIndex = 0; path = libZendeskDropbox.a; sourceTree = BUILT_PRODUCTS_DIR; };
		F18A657D15D55C5D00CE8AEE /* DropboxSampleApp.app */ = {isa = PBXFileReference; explicitFileType = wrapper.application; includeInIndex = 0; path = DropboxSampleApp.app; sourceTree = BUILT_PRODUCTS_DIR; };
		F18A659E15D562F200CE8AEE /* DropboxSampleApp-Info.plist */ = {isa = PBXFileReference; fileEncoding = 4; lastKnownFileType = text.plist.xml; name = "DropboxSampleApp-Info.plist"; path = "DropboxSampleApp/Supporting Files/DropboxSampleApp-Info.plist"; sourceTree = SOURCE_ROOT; };
		F18A659F15D562F200CE8AEE /* DropboxSampleApp-Prefix.pch */ = {isa = PBXFileReference; fileEncoding = 4; lastKnownFileType = sourcecode.c.h; name = "DropboxSampleApp-Prefix.pch"; path = "DropboxSampleApp/Supporting Files/DropboxSampleApp-Prefix.pch"; sourceTree = SOURCE_ROOT; };
		F18A65A115D562F200CE8AEE /* main.m */ = {isa = PBXFileReference; fileEncoding = 4; lastKnownFileType = sourcecode.c.objc; name = main.m; path = "DropboxSampleApp/Supporting Files/main.m"; sourceTree = SOURCE_ROOT; };
		F18A65A215D562F200CE8AEE /* MainWindow.xib */ = {isa = PBXFileReference; fileEncoding = 4; lastKnownFileType = file.xib; name = MainWindow.xib; path = "DropboxSampleApp/Supporting Files/MainWindow.xib"; sourceTree = SOURCE_ROOT; };
		F18A65A715D562FA00CE8AEE /* AppDelegate.h */ = {isa = PBXFileReference; fileEncoding = 4; lastKnownFileType = sourcecode.c.h; name = AppDelegate.h; path = DropboxSampleApp/AppDelegate.h; sourceTree = SOURCE_ROOT; };
		F18A65A815D562FA00CE8AEE /* AppDelegate.m */ = {isa = PBXFileReference; fileEncoding = 4; lastKnownFileType = sourcecode.c.objc; name = AppDelegate.m; path = DropboxSampleApp/AppDelegate.m; sourceTree = SOURCE_ROOT; };
		F18A65A915D562FA00CE8AEE /* FormViewController.h */ = {isa = PBXFileReference; fileEncoding = 4; lastKnownFileType = sourcecode.c.h; name = FormViewController.h; path = DropboxSampleApp/FormViewController.h; sourceTree = SOURCE_ROOT; };
		F18A65AA15D562FA00CE8AEE /* FormViewController.m */ = {isa = PBXFileReference; fileEncoding = 4; lastKnownFileType = sourcecode.c.objc; name = FormViewController.m; path = DropboxSampleApp/FormViewController.m; sourceTree = SOURCE_ROOT; };
		F18A65BB15D5634500CE8AEE /* Dropbox-Prefix.pch */ = {isa = PBXFileReference; lastKnownFileType = sourcecode.c.h; name = "Dropbox-Prefix.pch"; path = "Dropbox/Supporting Files/Dropbox-Prefix.pch"; sourceTree = "<group>"; };
		F18A65BC15D5635900CE8AEE /* JSON.h */ = {isa = PBXFileReference; fileEncoding = 4; lastKnownFileType = sourcecode.c.h; name = JSON.h; path = Dropbox/JSON/JSON.h; sourceTree = "<group>"; };
		F18A65BD15D5635900CE8AEE /* NSObject+SBJSON.h */ = {isa = PBXFileReference; fileEncoding = 4; lastKnownFileType = sourcecode.c.h; name = "NSObject+SBJSON.h"; path = "Dropbox/JSON/NSObject+SBJSON.h"; sourceTree = "<group>"; };
		F18A65BE15D5635900CE8AEE /* NSObject+SBJSON.m */ = {isa = PBXFileReference; fileEncoding = 4; lastKnownFileType = sourcecode.c.objc; name = "NSObject+SBJSON.m"; path = "Dropbox/JSON/NSObject+SBJSON.m"; sourceTree = "<group>"; };
		F18A65BF15D5635900CE8AEE /* NSString+SBJSON.h */ = {isa = PBXFileReference; fileEncoding = 4; lastKnownFileType = sourcecode.c.h; name = "NSString+SBJSON.h"; path = "Dropbox/JSON/NSString+SBJSON.h"; sourceTree = "<group>"; };
		F18A65C015D5635900CE8AEE /* NSString+SBJSON.m */ = {isa = PBXFileReference; fileEncoding = 4; lastKnownFileType = sourcecode.c.objc; name = "NSString+SBJSON.m"; path = "Dropbox/JSON/NSString+SBJSON.m"; sourceTree = "<group>"; };
		F18A65C115D5635900CE8AEE /* SBJSON.h */ = {isa = PBXFileReference; fileEncoding = 4; lastKnownFileType = sourcecode.c.h; name = SBJSON.h; path = Dropbox/JSON/SBJSON.h; sourceTree = "<group>"; };
		F18A65C215D5635900CE8AEE /* SBJSON.m */ = {isa = PBXFileReference; fileEncoding = 4; lastKnownFileType = sourcecode.c.objc; name = SBJSON.m; path = Dropbox/JSON/SBJSON.m; sourceTree = "<group>"; };
		F18A65C315D5635900CE8AEE /* SBJsonBase.h */ = {isa = PBXFileReference; fileEncoding = 4; lastKnownFileType = sourcecode.c.h; name = SBJsonBase.h; path = Dropbox/JSON/SBJsonBase.h; sourceTree = "<group>"; };
		F18A65C415D5635900CE8AEE /* SBJsonBase.m */ = {isa = PBXFileReference; fileEncoding = 4; lastKnownFileType = sourcecode.c.objc; name = SBJsonBase.m; path = Dropbox/JSON/SBJsonBase.m; sourceTree = "<group>"; };
		F18A65C515D5635900CE8AEE /* SBJsonParser.h */ = {isa = PBXFileReference; fileEncoding = 4; lastKnownFileType = sourcecode.c.h; name = SBJsonParser.h; path = Dropbox/JSON/SBJsonParser.h; sourceTree = "<group>"; };
		F18A65C615D5635900CE8AEE /* SBJsonParser.m */ = {isa = PBXFileReference; fileEncoding = 4; lastKnownFileType = sourcecode.c.objc; name = SBJsonParser.m; path = Dropbox/JSON/SBJsonParser.m; sourceTree = "<group>"; };
		F18A65C715D5635900CE8AEE /* SBJsonWriter.h */ = {isa = PBXFileReference; fileEncoding = 4; lastKnownFileType = sourcecode.c.h; name = SBJsonWriter.h; path = Dropbox/JSON/SBJsonWriter.h; sourceTree = "<group>"; };
		F18A65C815D5635900CE8AEE /* SBJsonWriter.m */ = {isa = PBXFileReference; fileEncoding = 4; lastKnownFileType = sourcecode.c.objc; name = SBJsonWriter.m; path = Dropbox/JSON/SBJsonWriter.m; sourceTree = "<group>"; };
		F18A65E315D5636400CE8AEE /* ZendeskDropbox.h */ = {isa = PBXFileReference; fileEncoding = 4; lastKnownFileType = sourcecode.c.h; name = ZendeskDropbox.h; path = Dropbox/ZendeskDropbox.h; sourceTree = "<group>"; };
		F18A65E415D5636400CE8AEE /* ZendeskDropbox.m */ = {isa = PBXFileReference; fileEncoding = 4; lastKnownFileType = sourcecode.c.objc; name = ZendeskDropbox.m; path = Dropbox/ZendeskDropbox.m; sourceTree = "<group>"; };
/* End PBXFileReference section */

/* Begin PBXFrameworksBuildPhase section */
		F155DA3115D53CBB0075DE7B /* Frameworks */ = {
			isa = PBXFrameworksBuildPhase;
			buildActionMask = 2147483647;
			files = (
			);
			runOnlyForDeploymentPostprocessing = 0;
		};
		F18A657A15D55C5D00CE8AEE /* Frameworks */ = {
			isa = PBXFrameworksBuildPhase;
			buildActionMask = 2147483647;
			files = (
				F110299515D8FBF5004CE5C4 /* QuartzCore.framework in Frameworks */,
				F18A657F15D55C5D00CE8AEE /* UIKit.framework in Frameworks */,
				F18A658015D55C5D00CE8AEE /* Foundation.framework in Frameworks */,
				F18A658115D55C5D00CE8AEE /* CoreGraphics.framework in Frameworks */,
			);
			runOnlyForDeploymentPostprocessing = 0;
		};
/* End PBXFrameworksBuildPhase section */

/* Begin PBXGroup section */
		19C28FACFE9D520D11CA2CBB /* Products */ = {
			isa = PBXGroup;
			children = (
				F155DA3415D53CBB0075DE7B /* libZendeskDropbox.a */,
				F18A657D15D55C5D00CE8AEE /* DropboxSampleApp.app */,
			);
			name = Products;
			sourceTree = "<group>";
		};
		29B97314FDCFA39411CA2CEA /* CustomTemplate */ = {
			isa = PBXGroup;
			children = (
				4520894518CFD3F2007CA6E7 /* LICENSE */,
				4520893D18CFCE63007CA6E7 /* README.md */,
				F18A653A15D5578800CE8AEE /* DropboxSampleApp */,
				F18A653B15D557C900CE8AEE /* Dropbox */,
				29B97317FDCFA39411CA2CEA /* Resources */,
				29B97323FDCFA39411CA2CEA /* Frameworks */,
				19C28FACFE9D520D11CA2CBB /* Products */,
			);
			name = CustomTemplate;
			sourceTree = "<group>";
		};
		29B97317FDCFA39411CA2CEA /* Resources */ = {
			isa = PBXGroup;
			children = (
			);
			name = Resources;
			sourceTree = "<group>";
		};
		29B97323FDCFA39411CA2CEA /* Frameworks */ = {
			isa = PBXGroup;
			children = (
				F110299415D8FBF5004CE5C4 /* QuartzCore.framework */,
				1DF5F4DF0D08C38300B7A737 /* UIKit.framework */,
				1D30AB110D05D00D00671497 /* Foundation.framework */,
				288765A40DF7441C002DB57D /* CoreGraphics.framework */,
			);
			name = Frameworks;
			sourceTree = "<group>";
		};
		A94C8A3E0FD4E1EE00D87B1E /* JSON */ = {
			isa = PBXGroup;
			children = (
				F18A65BC15D5635900CE8AEE /* JSON.h */,
				F18A65BD15D5635900CE8AEE /* NSObject+SBJSON.h */,
				F18A65BE15D5635900CE8AEE /* NSObject+SBJSON.m */,
				F18A65BF15D5635900CE8AEE /* NSString+SBJSON.h */,
				F18A65C015D5635900CE8AEE /* NSString+SBJSON.m */,
				F18A65C115D5635900CE8AEE /* SBJSON.h */,
				F18A65C215D5635900CE8AEE /* SBJSON.m */,
				F18A65C315D5635900CE8AEE /* SBJsonBase.h */,
				F18A65C415D5635900CE8AEE /* SBJsonBase.m */,
				F18A65C515D5635900CE8AEE /* SBJsonParser.h */,
				F18A65C615D5635900CE8AEE /* SBJsonParser.m */,
				F18A65C715D5635900CE8AEE /* SBJsonWriter.h */,
				F18A65C815D5635900CE8AEE /* SBJsonWriter.m */,
			);
			name = JSON;
			sourceTree = "<group>";
		};
		F18A653A15D5578800CE8AEE /* DropboxSampleApp */ = {
			isa = PBXGroup;
			children = (
				F18A653C15D5585400CE8AEE /* Supporting Files */,
				F18A65A715D562FA00CE8AEE /* AppDelegate.h */,
				F18A65A815D562FA00CE8AEE /* AppDelegate.m */,
				F18A65A915D562FA00CE8AEE /* FormViewController.h */,
				F18A65AA15D562FA00CE8AEE /* FormViewController.m */,
			);
			name = DropboxSampleApp;
			path = Classes;
			sourceTree = "<group>";
		};
		F18A653B15D557C900CE8AEE /* Dropbox */ = {
			isa = PBXGroup;
			children = (
				A94C8A3E0FD4E1EE00D87B1E /* JSON */,
				F18A659D15D5620800CE8AEE /* Supporting Files */,
				F18A65E315D5636400CE8AEE /* ZendeskDropbox.h */,
				F18A65E415D5636400CE8AEE /* ZendeskDropbox.m */,
			);
			name = Dropbox;
			sourceTree = "<group>";
		};
		F18A653C15D5585400CE8AEE /* Supporting Files */ = {
			isa = PBXGroup;
			children = (
				F18A659E15D562F200CE8AEE /* DropboxSampleApp-Info.plist */,
				F18A659F15D562F200CE8AEE /* DropboxSampleApp-Prefix.pch */,
				F18A65A115D562F200CE8AEE /* main.m */,
				F18A65A215D562F200CE8AEE /* MainWindow.xib */,
			);
			name = "Supporting Files";
			sourceTree = "<group>";
		};
		F18A659D15D5620800CE8AEE /* Supporting Files */ = {
			isa = PBXGroup;
			children = (
				F18A65BB15D5634500CE8AEE /* Dropbox-Prefix.pch */,
			);
			name = "Supporting Files";
			sourceTree = "<group>";
		};
/* End PBXGroup section */

/* Begin PBXHeadersBuildPhase section */
		F155DA3215D53CBB0075DE7B /* Headers */ = {
			isa = PBXHeadersBuildPhase;
			buildActionMask = 2147483647;
			files = (
				F18A65E515D5636400CE8AEE /* ZendeskDropbox.h in Headers */,
				F18A65AC15D562FA00CE8AEE /* AppDelegate.h in Headers */,
				F18A65B015D562FA00CE8AEE /* FormViewController.h in Headers */,
				F18A65C915D5635900CE8AEE /* JSON.h in Headers */,
				F18A65CB15D5635900CE8AEE /* NSObject+SBJSON.h in Headers */,
				F18A65CF15D5635900CE8AEE /* NSString+SBJSON.h in Headers */,
				F18A65D315D5635900CE8AEE /* SBJSON.h in Headers */,
				F18A65D715D5635900CE8AEE /* SBJsonBase.h in Headers */,
				F18A65DB15D5635900CE8AEE /* SBJsonParser.h in Headers */,
				F18A65DF15D5635900CE8AEE /* SBJsonWriter.h in Headers */,
			);
			runOnlyForDeploymentPostprocessing = 0;
		};
/* End PBXHeadersBuildPhase section */

/* Begin PBXNativeTarget section */
		F155DA3315D53CBB0075DE7B /* ZendeskDropbox */ = {
			isa = PBXNativeTarget;
			buildConfigurationList = F155DA3E15D53CBB0075DE7B /* Build configuration list for PBXNativeTarget "ZendeskDropbox" */;
			buildPhases = (
				F155DA3215D53CBB0075DE7B /* Headers */,
				F155DA3015D53CBB0075DE7B /* Sources */,
				F155DA3115D53CBB0075DE7B /* Frameworks */,
			);
			buildRules = (
			);
			dependencies = (
			);
			name = ZendeskDropbox;
			productName = "Zendesk-iPhone";
			productReference = F155DA3415D53CBB0075DE7B /* libZendeskDropbox.a */;
			productType = "com.apple.product-type.library.static";
		};
		F18A657C15D55C5D00CE8AEE /* DropboxSampleApp */ = {
			isa = PBXNativeTarget;
			buildConfigurationList = F18A658E15D55C5D00CE8AEE /* Build configuration list for PBXNativeTarget "DropboxSampleApp" */;
			buildPhases = (
				F18A657915D55C5D00CE8AEE /* Sources */,
				F18A657A15D55C5D00CE8AEE /* Frameworks */,
				F18A657B15D55C5D00CE8AEE /* Resources */,
			);
			buildRules = (
			);
			dependencies = (
			);
			name = DropboxSampleApp;
			productName = DropboxSampleApp;
			productReference = F18A657D15D55C5D00CE8AEE /* DropboxSampleApp.app */;
			productType = "com.apple.product-type.application";
		};
/* End PBXNativeTarget section */

/* Begin PBXProject section */
		29B97313FDCFA39411CA2CEA /* Project object */ = {
			isa = PBXProject;
			attributes = {
				LastUpgradeCheck = 0430;
			};
			buildConfigurationList = C01FCF4E08A954540054247B /* Build configuration list for PBXProject "ZendeskDropboxIOS" */;
			compatibilityVersion = "Xcode 3.2";
			developmentRegion = English;
			hasScannedForEncodings = 1;
			knownRegions = (
				en,
			);
			mainGroup = 29B97314FDCFA39411CA2CEA /* CustomTemplate */;
			projectDirPath = "";
			projectRoot = "";
			targets = (
				F18A657C15D55C5D00CE8AEE /* DropboxSampleApp */,
				F155DA3315D53CBB0075DE7B /* ZendeskDropbox */,
				F155DA7115D54AF90075DE7B /* ZendeskDropbox.framework */,
			);
		};
/* End PBXProject section */

/* Begin PBXResourcesBuildPhase section */
		F18A657B15D55C5D00CE8AEE /* Resources */ = {
			isa = PBXResourcesBuildPhase;
			buildActionMask = 2147483647;
			files = (
				F18A65BA15D5632E00CE8AEE /* MainWindow.xib in Resources */,
			);
			runOnlyForDeploymentPostprocessing = 0;
		};
/* End PBXResourcesBuildPhase section */

/* Begin PBXShellScriptBuildPhase section */
		F155DA7515D54B1C0075DE7B /* ShellScript */ = {
			isa = PBXShellScriptBuildPhase;
			buildActionMask = 2147483647;
			files = (
			);
			inputPaths = (
			);
			outputPaths = (
			);
			runOnlyForDeploymentPostprocessing = 0;
			shellPath = /bin/sh;
			shellScript = "LIB_TARGET_NAME=\"ZendeskDropbox\"\nFRAMEWORK_FOLDER=${BUILD_DIR}/${LIB_TARGET_NAME}.framework\n\n# Build Device and Simulator versions\nxcodebuild -target ${LIB_TARGET_NAME} -configuration ${CONFIGURATION} -sdk iphoneos  BUILD_DIR=\"${BUILD_DIR}\" BUILD_ROOT=\"${BUILD_ROOT}\"\nxcodebuild -target ${LIB_TARGET_NAME} -configuration ${CONFIGURATION} -sdk iphonesimulator -arch i386 BUILD_DIR=\"${BUILD_DIR}\" BUILD_ROOT=\"${BUILD_ROOT}\"\n\n# Make sure the output directory exists\nmkdir -p \"${FRAMEWORK_FOLDER}/Versions/A/Headers\"\n\n# Bake libs together into universal binary with lipo\nlipo -create -output \"${FRAMEWORK_FOLDER}/Versions/A/${LIB_TARGET_NAME}\" \"${BUILD_DIR}/${CONFIGURATION}-iphoneos/lib${LIB_TARGET_NAME}.a\" \"${BUILD_DIR}/${CONFIGURATION}-iphonesimulator/lib${LIB_TARGET_NAME}.a\"\n\n# Copy public header file(s) from the device library target\ncp -R \"${BUILD_DIR}/${CONFIGURATION}-iphoneos/usr/local/include/\" \"${FRAMEWORK_FOLDER}/Versions/A/Headers\"\n\n# Create links so the output is interpreted as a framework\nln -fs \"A\" \"${FRAMEWORK_FOLDER}/Versions/Current\"\nln -fs \"Versions/Current/Headers\" \"Versions/Current/${LIB_TARGET_NAME}\" \"${FRAMEWORK_FOLDER}/\"\n\ncp -Rf \"${FRAMEWORK_FOLDER}\" \"${DSTROOT}/\"";
		};
/* End PBXShellScriptBuildPhase section */

/* Begin PBXSourcesBuildPhase section */
		F155DA3015D53CBB0075DE7B /* Sources */ = {
			isa = PBXSourcesBuildPhase;
			buildActionMask = 2147483647;
			files = (
				F18A65CD15D5635900CE8AEE /* NSObject+SBJSON.m in Sources */,
				F18A65D115D5635900CE8AEE /* NSString+SBJSON.m in Sources */,
				F18A65D515D5635900CE8AEE /* SBJSON.m in Sources */,
				F18A65D915D5635900CE8AEE /* SBJsonBase.m in Sources */,
				F18A65DD15D5635900CE8AEE /* SBJsonParser.m in Sources */,
				F18A65E115D5635900CE8AEE /* SBJsonWriter.m in Sources */,
				F18A65E815D5636400CE8AEE /* ZendeskDropbox.m in Sources */,
			);
			runOnlyForDeploymentPostprocessing = 0;
		};
		F18A657915D55C5D00CE8AEE /* Sources */ = {
			isa = PBXSourcesBuildPhase;
			buildActionMask = 2147483647;
			files = (
				F18A65B415D5630500CE8AEE /* AppDelegate.m in Sources */,
				F18A65B515D5630800CE8AEE /* FormViewController.m in Sources */,
				F18A65B915D5632A00CE8AEE /* main.m in Sources */,
				F18A65E715D5636400CE8AEE /* ZendeskDropbox.m in Sources */,
				F18A65EA15D5636D00CE8AEE /* NSObject+SBJSON.m in Sources */,
				F18A65EB15D5637000CE8AEE /* NSString+SBJSON.m in Sources */,
				F18A65EC15D5637300CE8AEE /* SBJSON.m in Sources */,
				F18A65ED15D5637600CE8AEE /* SBJsonBase.m in Sources */,
				F18A65EE15D5637800CE8AEE /* SBJsonParser.m in Sources */,
				F18A65EF15D5637B00CE8AEE /* SBJsonWriter.m in Sources */,
			);
			runOnlyForDeploymentPostprocessing = 0;
		};
/* End PBXSourcesBuildPhase section */

/* Begin XCBuildConfiguration section */
		C01FCF4F08A954540054247B /* Debug */ = {
			isa = XCBuildConfiguration;
			buildSettings = {
				"CODE_SIGN_IDENTITY[sdk=iphoneos*]" = "iPhone Developer";
				FRAMEWORK_SEARCH_PATHS = "";
				GCC_C_LANGUAGE_STANDARD = c99;
				GCC_WARN_ABOUT_RETURN_TYPE = YES;
				GCC_WARN_UNUSED_VARIABLE = YES;
				HEADER_SEARCH_PATHS = "";
				ONLY_ACTIVE_ARCH = YES;
				"PROVISIONING_PROFILE[sdk=iphoneos*]" = "";
				SDKROOT = iphoneos;
			};
			name = Debug;
		};
		C01FCF5008A954540054247B /* Release */ = {
			isa = XCBuildConfiguration;
			buildSettings = {
				"CODE_SIGN_IDENTITY[sdk=iphoneos*]" = "iPhone Developer";
				FRAMEWORK_SEARCH_PATHS = "";
				GCC_C_LANGUAGE_STANDARD = c99;
				GCC_WARN_ABOUT_RETURN_TYPE = YES;
				GCC_WARN_UNUSED_VARIABLE = YES;
				HEADER_SEARCH_PATHS = "";
				SDKROOT = iphoneos;
			};
			name = Release;
		};
		F155DA3C15D53CBB0075DE7B /* Debug */ = {
			isa = XCBuildConfiguration;
			buildSettings = {
				ALWAYS_SEARCH_USER_PATHS = NO;
				COPY_PHASE_STRIP = NO;
				DSTROOT = /tmp/Zendesk_iPhone.dst;
				GCC_C_LANGUAGE_STANDARD = gnu99;
				GCC_DYNAMIC_NO_PIC = NO;
				GCC_OPTIMIZATION_LEVEL = 0;
				GCC_PRECOMPILE_PREFIX_HEADER = YES;
				GCC_PREFIX_HEADER = "Dropbox/Supporting Files/Dropbox-Prefix.pch";
				GCC_PREPROCESSOR_DEFINITIONS = (
					"DEBUG=1",
					"$(inherited)",
				);
				GCC_SYMBOLS_PRIVATE_EXTERN = NO;
				GCC_VERSION = "";
				GCC_WARN_UNINITIALIZED_AUTOS = YES;
				IPHONEOS_DEPLOYMENT_TARGET = 5.1;
				ONLY_ACTIVE_ARCH = NO;
				OTHER_LDFLAGS = "-ObjC";
				PRODUCT_NAME = "$(TARGET_NAME)";
				SKIP_INSTALL = YES;
			};
			name = Debug;
		};
		F155DA3D15D53CBB0075DE7B /* Release */ = {
			isa = XCBuildConfiguration;
			buildSettings = {
				ALWAYS_SEARCH_USER_PATHS = NO;
				COPY_PHASE_STRIP = YES;
				DSTROOT = /tmp/Zendesk_iPhone.dst;
				GCC_C_LANGUAGE_STANDARD = gnu99;
				GCC_PRECOMPILE_PREFIX_HEADER = YES;
				GCC_PREFIX_HEADER = "Dropbox/Supporting Files/Dropbox-Prefix.pch";
				GCC_VERSION = "";
				GCC_WARN_UNINITIALIZED_AUTOS = YES;
				IPHONEOS_DEPLOYMENT_TARGET = 5.1;
				ONLY_ACTIVE_ARCH = NO;
				OTHER_LDFLAGS = "-ObjC";
				PRODUCT_NAME = "$(TARGET_NAME)";
				SKIP_INSTALL = YES;
				VALIDATE_PRODUCT = NO;
			};
			name = Release;
		};
		F155DA7315D54AF90075DE7B /* Debug */ = {
			isa = XCBuildConfiguration;
			buildSettings = {
				GCC_THUMB_SUPPORT = NO;
				PRODUCT_NAME = "$(TARGET_NAME)";
				SKIP_INSTALL = NO;
			};
			name = Debug;
		};
		F155DA7415D54AF90075DE7B /* Release */ = {
			isa = XCBuildConfiguration;
			buildSettings = {
				GCC_THUMB_SUPPORT = NO;
				PRODUCT_NAME = "$(TARGET_NAME)";
				SKIP_INSTALL = NO;
			};
			name = Release;
		};
		F18A658F15D55C5D00CE8AEE /* Debug */ = {
			isa = XCBuildConfiguration;
			buildSettings = {
				ALWAYS_SEARCH_USER_PATHS = NO;
				"CODE_SIGN_IDENTITY[sdk=iphoneos*]" = "iPhone Developer";
				COPY_PHASE_STRIP = NO;
				GCC_C_LANGUAGE_STANDARD = gnu99;
				GCC_DYNAMIC_NO_PIC = NO;
				GCC_OPTIMIZATION_LEVEL = 0;
				GCC_PRECOMPILE_PREFIX_HEADER = YES;
				GCC_PREFIX_HEADER = "DropboxSampleApp/Supporting Files/DropboxSampleApp-Prefix.pch";
				GCC_PREPROCESSOR_DEFINITIONS = (
					"DEBUG=1",
					"$(inherited)",
				);
				GCC_SYMBOLS_PRIVATE_EXTERN = NO;
				GCC_VERSION = com.apple.compilers.llvm.clang.1_0;
				GCC_WARN_UNINITIALIZED_AUTOS = YES;
				INFOPLIST_FILE = "DropboxSampleApp/Supporting Files/DropboxSampleApp-Info.plist";
				IPHONEOS_DEPLOYMENT_TARGET = 3.1;
				PRODUCT_NAME = "$(TARGET_NAME)";
				TARGETED_DEVICE_FAMILY = "1,2";
				WRAPPER_EXTENSION = app;
			};
			name = Debug;
		};
		F18A659015D55C5D00CE8AEE /* Release */ = {
			isa = XCBuildConfiguration;
			buildSettings = {
				ALWAYS_SEARCH_USER_PATHS = NO;
				"CODE_SIGN_IDENTITY[sdk=iphoneos*]" = "iPhone Developer";
				COPY_PHASE_STRIP = YES;
				GCC_C_LANGUAGE_STANDARD = gnu99;
				GCC_PRECOMPILE_PREFIX_HEADER = YES;
				GCC_PREFIX_HEADER = "DropboxSampleApp/Supporting Files/DropboxSampleApp-Prefix.pch";
				GCC_VERSION = com.apple.compilers.llvm.clang.1_0;
				GCC_WARN_UNINITIALIZED_AUTOS = YES;
				INFOPLIST_FILE = "DropboxSampleApp/Supporting Files/DropboxSampleApp-Info.plist";
				IPHONEOS_DEPLOYMENT_TARGET = 3.1;
				OTHER_CFLAGS = "-DNS_BLOCK_ASSERTIONS=1";
				PRODUCT_NAME = "$(TARGET_NAME)";
				TARGETED_DEVICE_FAMILY = "1,2";
				VALIDATE_PRODUCT = YES;
				WRAPPER_EXTENSION = app;
			};
			name = Release;
		};
/* End XCBuildConfiguration section */

/* Begin XCConfigurationList section */
		C01FCF4E08A954540054247B /* Build configuration list for PBXProject "ZendeskDropboxIOS" */ = {
			isa = XCConfigurationList;
			buildConfigurations = (
				C01FCF4F08A954540054247B /* Debug */,
				C01FCF5008A954540054247B /* Release */,
			);
			defaultConfigurationIsVisible = 0;
			defaultConfigurationName = Release;
		};
		F155DA3E15D53CBB0075DE7B /* Build configuration list for PBXNativeTarget "ZendeskDropbox" */ = {
			isa = XCConfigurationList;
			buildConfigurations = (
				F155DA3C15D53CBB0075DE7B /* Debug */,
				F155DA3D15D53CBB0075DE7B /* Release */,
			);
			defaultConfigurationIsVisible = 0;
			defaultConfigurationName = Release;
		};
		F155DA7215D54AF90075DE7B /* Build configuration list for PBXAggregateTarget "ZendeskDropbox.framework" */ = {
			isa = XCConfigurationList;
			buildConfigurations = (
				F155DA7315D54AF90075DE7B /* Debug */,
				F155DA7415D54AF90075DE7B /* Release */,
			);
			defaultConfigurationIsVisible = 0;
			defaultConfigurationName = Release;
		};
		F18A658E15D55C5D00CE8AEE /* Build configuration list for PBXNativeTarget "DropboxSampleApp" */ = {
			isa = XCConfigurationList;
			buildConfigurations = (
				F18A658F15D55C5D00CE8AEE /* Debug */,
				F18A659015D55C5D00CE8AEE /* Release */,
			);
			defaultConfigurationIsVisible = 0;
			defaultConfigurationName = Release;
		};
/* End XCConfigurationList section */
	};
	rootObject = 29B97313FDCFA39411CA2CEA /* Project object */;
}
